<?xml version="1.0" encoding="utf-8"?>
<Project ToolsVersion="4.0" xmlns="http://schemas.microsoft.com/developer/msbuild/2003">
  <ItemGroup>
    <Filter Include="Resource Files">
      <UniqueIdentifier>{67DA6AB6-F800-4c08-8B7A-83BB121AAD01}</UniqueIdentifier>
      <Extensions>qrc;rc;ico;cur;bmp;dlg;rc2;rct;bin;rgs;gif;jpg;jpeg;jpe;resx;tiff;tif;png;wav;mfcribbon-ms</Extensions>
    </Filter>
    <Filter Include="Translation Files">
      <UniqueIdentifier>{639EADAA-A684-42e4-A9AD-28FC9BCB8F7C}</UniqueIdentifier>
      <Extensions>ts</Extensions>
    </Filter>
    <Filter Include="AudioAdapter">
      <UniqueIdentifier>{c85f0962-24fc-4eba-9f55-59596da50a02}</UniqueIdentifier>
    </Filter>
    <Filter Include="Players">
      <UniqueIdentifier>{76a323c8-8759-424d-9095-12b35ccd0f72}</UniqueIdentifier>
    </Filter>
    <Filter Include="QtUIs">
      <UniqueIdentifier>{6b2daf54-b5f2-4720-9fa2-4c049d89b1b5}</UniqueIdentifier>
    </Filter>
    <Filter Include="QtUIs\Form Files">
      <UniqueIdentifier>{99349809-55BA-4b9d-BF79-8FDBB0286EB3}</UniqueIdentifier>
      <Extensions>ui</Extensions>
    </Filter>
    <Filter Include="1Header Files">
      <UniqueIdentifier>{93995380-89BD-4b04-88EB-625FBE52EBFB}</UniqueIdentifier>
      <Extensions>h;hh;hpp;hxx;hm;inl;inc;xsd</Extensions>
    </Filter>
    <Filter Include="1Source Files">
      <UniqueIdentifier>{4FC737F1-C7A5-4376-A066-2A32D752A2FF}</UniqueIdentifier>
      <Extensions>qml;cpp;c;cc;cxx;def;odl;idl;hpj;bat;asm;asmx</Extensions>
    </Filter>
    <Filter Include="SDLUtils">
      <UniqueIdentifier>{8b51b84d-63d5-4309-aa9c-7cf1b8e16e83}</UniqueIdentifier>
    </Filter>
    <Filter Include="Utils">
      <UniqueIdentifier>{fad0e67c-819d-4fc4-b05d-5d5c8d6cc125}</UniqueIdentifier>
    </Filter>
    <Filter Include="QtUIs\SDLs">
      <UniqueIdentifier>{b3c322d0-b4d7-48e8-972f-f8dc09c39fd0}</UniqueIdentifier>
    </Filter>
    <Filter Include="QtUtils">
      <UniqueIdentifier>{67d75128-b055-42bb-b2ff-10e0465a3280}</UniqueIdentifier>
    </Filter>
  </ItemGroup>
  <ItemGroup>
    <ClCompile Include="main.cpp">
      <Filter>1Source Files</Filter>
    </ClCompile>
    <ClCompile Include="AudioAdapter\AudioAdapter.cpp">
      <Filter>AudioAdapter</Filter>
    </ClCompile>
    <ClCompile Include="Players\AudioPlayer.cpp">
      <Filter>Players</Filter>
    </ClCompile>
    <ClCompile Include="Players\MediaPlayer.cpp">
      <Filter>Players</Filter>
    </ClCompile>
    <ClCompile Include="Players\PlayerPredefine.cpp">
      <Filter>Players</Filter>
    </ClCompile>
    <ClCompile Include="Players\VideoPlayer.cpp">
      <Filter>Players</Filter>
    </ClCompile>
    <ClCompile Include="QtUIs\QtSDLFFmpegVideoPlayer.cpp">
      <Filter>QtUIs</Filter>
    </ClCompile>
    <ClCompile Include="QtUIs\RoundedIconButton.cpp">
      <Filter>QtUIs</Filter>
    </ClCompile>
    <ClCompile Include="SDLUtils\SDLApp.cpp">
      <Filter>SDLUtils</Filter>
    </ClCompile>
    <ClCompile Include="SDLUtils\SDLMediaPlayer.cpp">
      <Filter>SDLUtils</Filter>
    </ClCompile>
    <ClCompile Include="QtUIs\SDLWidget.cpp">
      <Filter>QtUIs\SDLs</Filter>
    </ClCompile>
    <ClCompile Include="QtUIs\PlayListWidget.cpp">
      <Filter>QtUIs</Filter>
    </ClCompile>
    <ClCompile Include="QtUIs\PlayListListView.cpp">
      <Filter>QtUIs</Filter>
    </ClCompile>
    <ClCompile Include="QtUIs\AnimatedMenuAction.cpp">
      <Filter>QtUIs</Filter>
    </ClCompile>
    <ClCompile Include="QtUIs\AnimatedMenu.cpp">
      <Filter>QtUIs</Filter>
    </ClCompile>
    <ClCompile Include="QtUIs\PlayOptionsWidget.cpp">
      <Filter>QtUIs</Filter>
    </ClCompile>
    <ClCompile Include="QtUtils\QtMediaPlayer.cpp">
      <Filter>QtUtils</Filter>
    </ClCompile>
  </ItemGroup>
  <ItemGroup>
    <ClInclude Include="AudioAdapter\AudioAdapter.h">
      <Filter>AudioAdapter</Filter>
    </ClInclude>
    <ClInclude Include="AudioAdapter\PortAudioAdapter.h">
      <Filter>AudioAdapter</Filter>
    </ClInclude>
    <ClInclude Include="AudioAdapter\RtAudioAdapter.h">
      <Filter>AudioAdapter</Filter>
    </ClInclude>
    <ClInclude Include="Players\AudioPlayer.h">
      <Filter>Players</Filter>
    </ClInclude>
    <ClInclude Include="Players\MediaPlayer.h">
      <Filter>Players</Filter>
    </ClInclude>
    <ClInclude Include="Players\PlayerPredefine.h">
      <Filter>Players</Filter>
    </ClInclude>
    <ClInclude Include="Players\VideoPlayer.h">
      <Filter>Players</Filter>
    </ClInclude>
    <ClInclude Include="SDLUtils\SDLApp.h">
      <Filter>SDLUtils</Filter>
    </ClInclude>
    <ClInclude Include="SDLUtils\SDLMediaPlayer.h">
      <Filter>SDLUtils</Filter>
    </ClInclude>
    <ClInclude Include="Utils\AtomicWaitObject.h">
      <Filter>Utils</Filter>
    </ClInclude>
    <ClInclude Include="Utils\EnumDefine.h">
      <Filter>Utils</Filter>
    </ClInclude>
    <ClInclude Include="Utils\MultiEnumTypeDefine.h">
      <Filter>Utils</Filter>
    </ClInclude>
    <ClInclude Include="Utils\ThreadUtils.h">
      <Filter>Utils</Filter>
    </ClInclude>
    <ClInclude Include="QtUIs\SDLWidget.h">
      <Filter>QtUIs\SDLs</Filter>
    </ClInclude>
    <ClInclude Include="QtUIs\AnimatedMenu.h">
      <Filter>QtUIs</Filter>
    </ClInclude>
    <ClInclude Include="QtUtils\QtMediaPlayer.h">
      <Filter>QtUtils</Filter>
    </ClInclude>
  </ItemGroup>
  <ItemGroup>
    <QtMoc Include="QtUIs\QtSDLFFmpegVideoPlayer.h">
      <Filter>QtUIs</Filter>
    </QtMoc>
    <QtMoc Include="QtUIs\RoundedIconButton.h">
      <Filter>QtUIs</Filter>
    </QtMoc>
    <QtMoc Include="QtUIs\PlayListWidget.h">
      <Filter>QtUIs</Filter>
    </QtMoc>
    <QtMoc Include="QtUIs\PlayListListView.h">
      <Filter>QtUIs</Filter>
    </QtMoc>
    <QtMoc Include="QtUIs\AnimatedMenuAction.h">
      <Filter>QtUIs</Filter>
    </QtMoc>
    <QtMoc Include="QtUIs\PlayOptionsWidget.h">
      <Filter>QtUIs</Filter>
    </QtMoc>
  </ItemGroup>
  <ItemGroup>
    <QtUic Include="QtUIs\QtSDLFFmpegVideoPlayer.ui">
      <Filter>QtUIs\Form Files</Filter>
    </QtUic>
    <QtUic Include="QtUIs\PlayListWidget.ui">
      <Filter>QtUIs\Form Files</Filter>
    </QtUic>
    <QtUic Include="QtUIs\PlayOptionsWidget.ui">
      <Filter>QtUIs\Form Files</Filter>
    </QtUic>
  </ItemGroup>
  <ItemGroup>
    <Image Include="resources\QtSDLFFmpegVideoPlayer.ico">
      <Filter>Resource Files</Filter>
    </Image>
  </ItemGroup>
  <ItemGroup>
    <QtRcc Include="resources\QtSDLFFmpegVideoPlayer.qrc">
      <Filter>Resource Files</Filter>
    </QtRcc>
  </ItemGroup>
  <ItemGroup>
    <ResourceCompile Include="resources\QtSDLFFmpegVideoPlayer.rc">
      <Filter>Resource Files</Filter>
    </ResourceCompile>
  </ItemGroup>
</Project>